
Microsoft Visual Studio Solution File, Format Version 12.00
# Visual Studio Version 17
VisualStudioVersion = 17.9.34728.123
MinimumVisualStudioVersion = 10.0.40219.1
Project("{9A19103F-16F7-4668-BE54-9A1E7A4F7556}") = "UDPServerApp", "UDPServerApp\UDPServerApp.csproj", "{1115566E-BA8C-4058-8661-76D5FEF92473}"
EndProject
Project("{FAE04EC0-301F-11D3-BF4B-00C04F79EFBC}") = "UDPClientApp", "UDPClientApp\UDPClientApp.csproj", "{8CA13CF3-57CD-47FA-AB46-F8EA6AA5CFC8}"
EndProject
Global
	GlobalSection(SolutionConfigurationPlatforms) = preSolution
		Debug|Any CPU = Debug|Any CPU
		Release|Any CPU = Release|Any CPU
	EndGlobalSection
	GlobalSection(ProjectConfigurationPlatforms) = postSolution
		{1115566E-BA8C-4058-8661-76D5FEF92473}.Debug|Any CPU.ActiveCfg = Debug|Any CPU
		{1115566E-BA8C-4058-8661-76D5FEF92473}.Debug|Any CPU.Build.0 = Debug|Any CPU
		{1115566E-BA8C-4058-8661-76D5FEF92473}.Release|Any CPU.ActiveCfg = Release|Any CPU
		{1115566E-BA8C-4058-8661-76D5FEF92473}.Release|Any CPU.Build.0 = Release|Any CPU
		{8CA13CF3-57CD-47FA-AB46-F8EA6AA5CFC8}.Debug|Any CPU.ActiveCfg = Debug|Any CPU
		{8CA13CF3-57CD-47FA-AB46-F8EA6AA5CFC8}.Debug|Any CPU.Build.0 = Debug|Any CPU
		{8CA13CF3-57CD-47FA-AB46-F8EA6AA5CFC8}.Release|Any CPU.ActiveCfg = Release|Any CPU
		{8CA13CF3-57CD-47FA-AB46-F8EA6AA5CFC8}.Release|Any CPU.Build.0 = Release|Any CPU
	EndGlobalSection
	GlobalSection(SolutionProperties) = preSolution
		HideSolutionNode = FALSE
	EndGlobalSection
	GlobalSection(ExtensibilityGlobals) = postSolution
		SolutionGuid = {0BC1DF68-E712-4CA1-A506-B8008EF49786}
	EndGlobalSection
EndGlobal
